PODS:
  - YoFoundation (0.1.1):
    - "YoFoundation/YoCGFloat+Hight (= 0.1.1)"
    - "YoFoundation/YoNSObject+ClassName (= 0.1.1)"
    - "YoFoundation/YoString+Email (= 0.1.1)"
    - "YoFoundation/YoString+Normal (= 0.1.1)"
    - "YoFoundation/YoString+Size (= 0.1.1)"
    - "YoFoundation/YoString+ViewCtl (= 0.1.1)"
  - "YoFoundation/YoCGFloat+Hight (0.1.1)"
  - "YoFoundation/YoNSObject+ClassName (0.1.1)"
  - "YoFoundation/YoString+Email (0.1.1)"
  - "YoFoundation/YoString+Normal (0.1.1)"
  - "YoFoundation/YoString+Size (0.1.1)"
  - "YoFoundation/YoString+ViewCtl (0.1.1)"

DEPENDENCIES:
  - YoFoundation (from `../`)

EXTERNAL SOURCES:
  YoFoundation:
    :path: "../"

SPEC CHECKSUMS:
  YoFoundation: fd15784ab83de5021170ce910e8b9f8766b518d9

PODFILE CHECKSUM: 22abcebf9701b98c6a4b1ff642310347a90a4ed9

COCOAPODS: 1.11.2
